// !$*UTF8*$!
{
	archiveVersion = 1;
	classes = {
	};
	objectVersion = 56;
	objects = {

/* Begin PBXBuildFile section */
		F5610C7A28D102E5005CCC27 /* AVSpeechUtteranceTestApp.swift in Sources */ = {isa = PBXBuildFile; fileRef = F5610C7928D102E5005CCC27 /* AVSpeechUtteranceTestApp.swift */; };
		F5610C7C28D102E5005CCC27 /* ContentView.swift in Sources */ = {isa = PBXBuildFile; fileRef = F5610C7B28D102E5005CCC27 /* ContentView.swift */; };
		F5610C7E28D102EB005CCC27 /* Assets.xcassets in Resources */ = {isa = PBXBuildFile; fileRef = F5610C7D28D102EB005CCC27 /* Assets.xcassets */; };
		F5610C8128D102EB005CCC27 /* Preview Assets.xcassets in Resources */ = {isa = PBXBuildFile; fileRef = F5610C8028D102EB005CCC27 /* Preview Assets.xcassets */; };
		F5610C8B28D102EC005CCC27 /* AVSpeechUtteranceTestTests.swift in Sources */ = {isa = PBXBuildFile; fileRef = F5610C8A28D102EC005CCC27 /* AVSpeechUtteranceTestTests.swift */; };
		F5610C9528D102EC005CCC27 /* AVSpeechUtteranceTestUITests.swift in Sources */ = {isa = PBXBuildFile; fileRef = F5610C9428D102EC005CCC27 /* AVSpeechUtteranceTestUITests.swift */; };
		F5610C9728D102EC005CCC27 /* AVSpeechUtteranceTestUITestsLaunchTests.swift in Sources */ = {isa = PBXBuildFile; fileRef = F5610C9628D102EC005CCC27 /* AVSpeechUtteranceTestUITestsLaunchTests.swift */; };
/* End PBXBuildFile section */

/* Begin PBXContainerItemProxy section */
		F5610C8728D102EC005CCC27 /* PBXContainerItemProxy */ = {
			isa = PBXContainerItemProxy;
			containerPortal = F5610C6E28D102E5005CCC27 /* Project object */;
			proxyType = 1;
			remoteGlobalIDString = F5610C7528D102E5005CCC27;
			remoteInfo = AVSpeechUtteranceTest;
		};
		F5610C9128D102EC005CCC27 /* PBXContainerItemProxy */ = {
			isa = PBXContainerItemProxy;
			containerPortal = F5610C6E28D102E5005CCC27 /* Project object */;
			proxyType = 1;
			remoteGlobalIDString = F5610C7528D102E5005CCC27;
			remoteInfo = AVSpeechUtteranceTest;
		};
/* End PBXContainerItemProxy section */

/* Begin PBXFileReference section */
		F5610C7628D102E5005CCC27 /* AVSpeechUtteranceTest.app */ = {isa = PBXFileReference; explicitFileType = wrapper.application; includeInIndex = 0; path = AVSpeechUtteranceTest.app; sourceTree = BUILT_PRODUCTS_DIR; };
		F5610C7928D102E5005CCC27 /* AVSpeechUtteranceTestApp.swift */ = {isa = PBXFileReference; lastKnownFileType = sourcecode.swift; path = AVSpeechUtteranceTestApp.swift; sourceTree = "<group>"; };
		F5610C7B28D102E5005CCC27 /* ContentView.swift */ = {isa = PBXFileReference; lastKnownFileType = sourcecode.swift; path = ContentView.swift; sourceTree = "<group>"; };
		F5610C7D28D102EB005CCC27 /* Assets.xcassets */ = {isa = PBXFileReference; lastKnownFileType = folder.assetcatalog; path = Assets.xcassets; sourceTree = "<group>"; };
		F5610C8028D102EB005CCC27 /* Preview Assets.xcassets */ = {isa = PBXFileReference; lastKnownFileType = folder.assetcatalog; path = "Preview Assets.xcassets"; sourceTree = "<group>"; };
		F5610C8628D102EC005CCC27 /* AVSpeechUtteranceTestTests.xctest */ = {isa = PBXFileReference; explicitFileType = wrapper.cfbundle; includeInIndex = 0; path = AVSpeechUtteranceTestTests.xctest; sourceTree = BUILT_PRODUCTS_DIR; };
		F5610C8A28D102EC005CCC27 /* AVSpeechUtteranceTestTests.swift */ = {isa = PBXFileReference; lastKnownFileType = sourcecode.swift; path = AVSpeechUtteranceTestTests.swift; sourceTree = "<group>"; };
		F5610C9028D102EC005CCC27 /* AVSpeechUtteranceTestUITests.xctest */ = {isa = PBXFileReference; explicitFileType = wrapper.cfbundle; includeInIndex = 0; path = AVSpeechUtteranceTestUITests.xctest; sourceTree = BUILT_PRODUCTS_DIR; };
		F5610C9428D102EC005CCC27 /* AVSpeechUtteranceTestUITests.swift */ = {isa = PBXFileReference; lastKnownFileType = sourcecode.swift; path = AVSpeechUtteranceTestUITests.swift; sourceTree = "<group>"; };
		F5610C9628D102EC005CCC27 /* AVSpeechUtteranceTestUITestsLaunchTests.swift */ = {isa = PBXFileReference; lastKnownFileType = sourcecode.swift; path = AVSpeechUtteranceTestUITestsLaunchTests.swift; sourceTree = "<group>"; };
/* End PBXFileReference section */

/* Begin PBXFrameworksBuildPhase section */
		F5610C7328D102E5005CCC27 /* Frameworks */ = {
			isa = PBXFrameworksBuildPhase;
			buildActionMask = 2147483647;
			files = (
			);
			runOnlyForDeploymentPostprocessing = 0;
		};
		F5610C8328D102EC005CCC27 /* Frameworks */ = {
			isa = PBXFrameworksBuildPhase;
			buildActionMask = 2147483647;
			files = (
			);
			runOnlyForDeploymentPostprocessing = 0;
		};
		F5610C8D28D102EC005CCC27 /* Frameworks */ = {
			isa = PBXFrameworksBuildPhase;
			buildActionMask = 2147483647;
			files = (
			);
			runOnlyForDeploymentPostprocessing = 0;
		};
/* End PBXFrameworksBuildPhase section */

/* Begin PBXGroup section */
		F5610C6D28D102E5005CCC27 = {
			isa = PBXGroup;
			children = (
				F5610C7828D102E5005CCC27 /* AVSpeechUtteranceTest */,
				F5610C8928D102EC005CCC27 /* AVSpeechUtteranceTestTests */,
				F5610C9328D102EC005CCC27 /* AVSpeechUtteranceTestUITests */,
				F5610C7728D102E5005CCC27 /* Products */,
			);
			sourceTree = "<group>";
		};
		F5610C7728D102E5005CCC27 /* Products */ = {
			isa = PBXGroup;
			children = (
				F5610C7628D102E5005CCC27 /* AVSpeechUtteranceTest.app */,
				F5610C8628D102EC005CCC27 /* AVSpeechUtteranceTestTests.xctest */,
				F5610C9028D102EC005CCC27 /* AVSpeechUtteranceTestUITests.xctest */,
			);
			name = Products;
			sourceTree = "<group>";
		};
		F5610C7828D102E5005CCC27 /* AVSpeechUtteranceTest */ = {
			isa = PBXGroup;
			children = (
				F5610C7928D102E5005CCC27 /* AVSpeechUtteranceTestApp.swift */,
				F5610C7B28D102E5005CCC27 /* ContentView.swift */,
				F5610C7D28D102EB005CCC27 /* Assets.xcassets */,
				F5610C7F28D102EB005CCC27 /* Preview Content */,
			);
			path = AVSpeechUtteranceTest;
			sourceTree = "<group>";
		};
		F5610C7F28D102EB005CCC27 /* Preview Content */ = {
			isa = PBXGroup;
			children = (
				F5610C8028D102EB005CCC27 /* Preview Assets.xcassets */,
			);
			path = "Preview Content";
			sourceTree = "<group>";
		};
		F5610C8928D102EC005CCC27 /* AVSpeechUtteranceTestTests */ = {
			isa = PBXGroup;
			children = (
				F5610C8A28D102EC005CCC27 /* AVSpeechUtteranceTestTests.swift */,
			);
			path = AVSpeechUtteranceTestTests;
			sourceTree = "<group>";
		};
		F5610C9328D102EC005CCC27 /* AVSpeechUtteranceTestUITests */ = {
			isa = PBXGroup;
			children = (
				F5610C9428D102EC005CCC27 /* AVSpeechUtteranceTestUITests.swift */,
				F5610C9628D102EC005CCC27 /* AVSpeechUtteranceTestUITestsLaunchTests.swift */,
			);
			path = AVSpeechUtteranceTestUITests;
			sourceTree = "<group>";
		};
/* End PBXGroup section */

/* Begin PBXNativeTarget section */
		F5610C7528D102E5005CCC27 /* AVSpeechUtteranceTest */ = {
			isa = PBXNativeTarget;
			buildConfigurationList = F5610C9A28D102EC005CCC27 /* Build configuration list for PBXNativeTarget "AVSpeechUtteranceTest" */;
			buildPhases = (
				F5610C7228D102E5005CCC27 /* Sources */,
				F5610C7328D102E5005CCC27 /* Frameworks */,
				F5610C7428D102E5005CCC27 /* Resources */,
			);
			buildRules = (
			);
			dependencies = (
			);
			name = AVSpeechUtteranceTest;
			productName = AVSpeechUtteranceTest;
			productReference = F5610C7628D102E5005CCC27 /* AVSpeechUtteranceTest.app */;
			productType = "com.apple.product-type.application";
		};
		F5610C8528D102EC005CCC27 /* AVSpeechUtteranceTestTests */ = {
			isa = PBXNativeTarget;
			buildConfigurationList = F5610C9D28D102EC005CCC27 /* Build configuration list for PBXNativeTarget "AVSpeechUtteranceTestTests" */;
			buildPhases = (
				F5610C8228D102EC005CCC27 /* Sources */,
				F5610C8328D102EC005CCC27 /* Frameworks */,
				F5610C8428D102EC005CCC27 /* Resources */,
			);
			buildRules = (
			);
			dependencies = (
				F5610C8828D102EC005CCC27 /* PBXTargetDependency */,
			);
			name = AVSpeechUtteranceTestTests;
			productName = AVSpeechUtteranceTestTests;
			productReference = F5610C8628D102EC005CCC27 /* AVSpeechUtteranceTestTests.xctest */;
			productType = "com.apple.product-type.bundle.unit-test";
		};
		F5610C8F28D102EC005CCC27 /* AVSpeechUtteranceTestUITests */ = {
			isa = PBXNativeTarget;
			buildConfigurationList = F5610CA028D102EC005CCC27 /* Build configuration list for PBXNativeTarget "AVSpeechUtteranceTestUITests" */;
			buildPhases = (
				F5610C8C28D102EC005CCC27 /* Sources */,
				F5610C8D28D102EC005CCC27 /* Frameworks */,
				F5610C8E28D102EC005CCC27 /* Resources */,
			);
			buildRules = (
			);
			dependencies = (
				F5610C9228D102EC005CCC27 /* PBXTargetDependency */,
			);
			name = AVSpeechUtteranceTestUITests;
			productName = AVSpeechUtteranceTestUITests;
			productReference = F5610C9028D102EC005CCC27 /* AVSpeechUtteranceTestUITests.xctest */;
			productType = "com.apple.product-type.bundle.ui-testing";
		};
/* End PBXNativeTarget section */

/* Begin PBXProject section */
		F5610C6E28D102E5005CCC27 /* Project object */ = {
			isa = PBXProject;
			attributes = {
				BuildIndependentTargetsInParallel = 1;
				LastSwiftUpdateCheck = 1400;
				LastUpgradeCheck = 1400;
				TargetAttributes = {
					F5610C7528D102E5005CCC27 = {
						CreatedOnToolsVersion = 14.0;
					};
					F5610C8528D102EC005CCC27 = {
						CreatedOnToolsVersion = 14.0;
						TestTargetID = F5610C7528D102E5005CCC27;
					};
					F5610C8F28D102EC005CCC27 = {
						CreatedOnToolsVersion = 14.0;
						TestTargetID = F5610C7528D102E5005CCC27;
					};
				};
			};
			buildConfigurationList = F5610C7128D102E5005CCC27 /* Build configuration list for PBXProject "AVSpeechUtteranceTest" */;
			compatibilityVersion = "Xcode 14.0";
			developmentRegion = en;
			hasScannedForEncodings = 0;
			knownRegions = (
				en,
				Base,
			);
			mainGroup = F5610C6D28D102E5005CCC27;
			productRefGroup = F5610C7728D102E5005CCC27 /* Products */;
			projectDirPath = "";
			projectRoot = "";
			targets = (
				F5610C7528D102E5005CCC27 /* AVSpeechUtteranceTest */,
				F5610C8528D102EC005CCC27 /* AVSpeechUtteranceTestTests */,
				F5610C8F28D102EC005CCC27 /* AVSpeechUtteranceTestUITests */,
			);
		};
/* End PBXProject section */

/* Begin PBXResourcesBuildPhase section */
		F5610C7428D102E5005CCC27 /* Resources */ = {
			isa = PBXResourcesBuildPhase;
			buildActionMask = 2147483647;
			files = (
				F5610C8128D102EB005CCC27 /* Preview Assets.xcassets in Resources */,
				F5610C7E28D102EB005CCC27 /* Assets.xcassets in Resources */,
			);
			runOnlyForDeploymentPostprocessing = 0;
		};
		F5610C8428D102EC005CCC27 /* Resources */ = {
			isa = PBXResourcesBuildPhase;
			buildActionMask = 2147483647;
			files = (
			);
			runOnlyForDeploymentPostprocessing = 0;
		};
		F5610C8E28D102EC005CCC27 /* Resources */ = {
			isa = PBXResourcesBuildPhase;
			buildActionMask = 2147483647;
			files = (
			);
			runOnlyForDeploymentPostprocessing = 0;
		};
/* End PBXResourcesBuildPhase section */

/* Begin PBXSourcesBuildPhase section */
		F5610C7228D102E5005CCC27 /* Sources */ = {
			isa = PBXSourcesBuildPhase;
			buildActionMask = 2147483647;
			files = (
				F5610C7C28D102E5005CCC27 /* ContentView.swift in Sources */,
				F5610C7A28D102E5005CCC27 /* AVSpeechUtteranceTestApp.swift in Sources */,
			);
			runOnlyForDeploymentPostprocessing = 0;
		};
		F5610C8228D102EC005CCC27 /* Sources */ = {
			isa = PBXSourcesBuildPhase;
			buildActionMask = 2147483647;
			files = (
				F5610C8B28D102EC005CCC27 /* AVSpeechUtteranceTestTests.swift in Sources */,
			);
			runOnlyForDeploymentPostprocessing = 0;
		};
		F5610C8C28D102EC005CCC27 /* Sources */ = {
			isa = PBXSourcesBuildPhase;
			buildActionMask = 2147483647;
			files = (
				F5610C9528D102EC005CCC27 /* AVSpeechUtteranceTestUITests.swift in Sources */,
				F5610C9728D102EC005CCC27 /* AVSpeechUtteranceTestUITestsLaunchTests.swift in Sources */,
			);
			runOnlyForDeploymentPostprocessing = 0;
		};
/* End PBXSourcesBuildPhase section */

/* Begin PBXTargetDependency section */
		F5610C8828D102EC005CCC27 /* PBXTargetDependency */ = {
			isa = PBXTargetDependency;
			target = F5610C7528D102E5005CCC27 /* AVSpeechUtteranceTest */;
			targetProxy = F5610C8728D102EC005CCC27 /* PBXContainerItemProxy */;
		};
		F5610C9228D102EC005CCC27 /* PBXTargetDependency */ = {
			isa = PBXTargetDependency;
			target = F5610C7528D102E5005CCC27 /* AVSpeechUtteranceTest */;
			targetProxy = F5610C9128D102EC005CCC27 /* PBXContainerItemProxy */;
		};
/* End PBXTargetDependency section */

/* Begin XCBuildConfiguration section */
		F5610C9828D102EC005CCC27 /* Debug */ = {
			isa = XCBuildConfiguration;
			buildSettings = {
				ALWAYS_SEARCH_USER_PATHS = NO;
				CLANG_ANALYZER_NONNULL = YES;
				CLANG_ANALYZER_NUMBER_OBJECT_CONVERSION = YES_AGGRESSIVE;
				CLANG_CXX_LANGUAGE_STANDARD = "gnu++20";
				CLANG_ENABLE_MODULES = YES;
				CLANG_ENABLE_OBJC_ARC = YES;
				CLANG_ENABLE_OBJC_WEAK = YES;
				CLANG_WARN_BLOCK_CAPTURE_AUTORELEASING = YES;
				CLANG_WARN_BOOL_CONVERSION = YES;
				CLANG_WARN_COMMA = YES;
				CLANG_WARN_CONSTANT_CONVERSION = YES;
				CLANG_WARN_DEPRECATED_OBJC_IMPLEMENTATIONS = YES;
				CLANG_WARN_DIRECT_OBJC_ISA_USAGE = YES_ERROR;
				CLANG_WARN_DOCUMENTATION_COMMENTS = YES;
				CLANG_WARN_EMPTY_BODY = YES;
				CLANG_WARN_ENUM_CONVERSION = YES;
				CLANG_WARN_INFINITE_RECURSION = YES;
				CLANG_WARN_INT_CONVERSION = YES;
				CLANG_WARN_NON_LITERAL_NULL_CONVERSION = YES;
				CLANG_WARN_OBJC_IMPLICIT_RETAIN_SELF = YES;
				CLANG_WARN_OBJC_LITERAL_CONVERSION = YES;
				CLANG_WARN_OBJC_ROOT_CLASS = YES_ERROR;
				CLANG_WARN_QUOTED_INCLUDE_IN_FRAMEWORK_HEADER = YES;
				CLANG_WARN_RANGE_LOOP_ANALYSIS = YES;
				CLANG_WARN_STRICT_PROTOTYPES = YES;
				CLANG_WARN_SUSPICIOUS_MOVE = YES;
				CLANG_WARN_UNGUARDED_AVAILABILITY = YES_AGGRESSIVE;
				CLANG_WARN_UNREACHABLE_CODE = YES;
				CLANG_WARN__DUPLICATE_METHOD_MATCH = YES;
				COPY_PHASE_STRIP = NO;
				DEBUG_INFORMATION_FORMAT = dwarf;
				ENABLE_STRICT_OBJC_MSGSEND = YES;
				ENABLE_TESTABILITY = YES;
				GCC_C_LANGUAGE_STANDARD = gnu11;
				GCC_DYNAMIC_NO_PIC = NO;
				GCC_NO_COMMON_BLOCKS = YES;
				GCC_OPTIMIZATION_LEVEL = 0;
				GCC_PREPROCESSOR_DEFINITIONS = (
					"DEBUG=1",
					"$(inherited)",
				);
				GCC_WARN_64_TO_32_BIT_CONVERSION = YES;
				GCC_WARN_ABOUT_RETURN_TYPE = YES_ERROR;
				GCC_WARN_UNDECLARED_SELECTOR = YES;
				GCC_WARN_UNINITIALIZED_AUTOS = YES_AGGRESSIVE;
				GCC_WARN_UNUSED_FUNCTION = YES;
				GCC_WARN_UNUSED_VARIABLE = YES;
				IPHONEOS_DEPLOYMENT_TARGET = 16.0;
				MTL_ENABLE_DEBUG_INFO = INCLUDE_SOURCE;
				MTL_FAST_MATH = YES;
				ONLY_ACTIVE_ARCH = YES;
				SDKROOT = iphoneos;
				SWIFT_ACTIVE_COMPILATION_CONDITIONS = DEBUG;
				SWIFT_OPTIMIZATION_LEVEL = "-Onone";
			};
			name = Debug;
		};
		F5610C9928D102EC005CCC27 /* Release */ = {
			isa = XCBuildConfiguration;
			buildSettings = {
				ALWAYS_SEARCH_USER_PATHS = NO;
				CLANG_ANALYZER_NONNULL = YES;
				CLANG_ANALYZER_NUMBER_OBJECT_CONVERSION = YES_AGGRESSIVE;
				CLANG_CXX_LANGUAGE_STANDARD = "gnu++20";
				CLANG_ENABLE_MODULES = YES;
				CLANG_ENABLE_OBJC_ARC = YES;
				CLANG_ENABLE_OBJC_WEAK = YES;
				CLANG_WARN_BLOCK_CAPTURE_AUTORELEASING = YES;
				CLANG_WARN_BOOL_CONVERSION = YES;
				CLANG_WARN_COMMA = YES;
				CLANG_WARN_CONSTANT_CONVERSION = YES;
				CLANG_WARN_DEPRECATED_OBJC_IMPLEMENTATIONS = YES;
				CLANG_WARN_DIRECT_OBJC_ISA_USAGE = YES_ERROR;
				CLANG_WARN_DOCUMENTATION_COMMENTS = YES;
				CLANG_WARN_EMPTY_BODY = YES;
				CLANG_WARN_ENUM_CONVERSION = YES;
				CLANG_WARN_INFINITE_RECURSION = YES;
				CLANG_WARN_INT_CONVERSION = YES;
				CLANG_WARN_NON_LITERAL_NULL_CONVERSION = YES;
				CLANG_WARN_OBJC_IMPLICIT_RETAIN_SELF = YES;
				CLANG_WARN_OBJC_LITERAL_CONVERSION = YES;
				CLANG_WARN_OBJC_ROOT_CLASS = YES_ERROR;
				CLANG_WARN_QUOTED_INCLUDE_IN_FRAMEWORK_HEADER = YES;
				CLANG_WARN_RANGE_LOOP_ANALYSIS = YES;
				CLANG_WARN_STRICT_PROTOTYPES = YES;
				CLANG_WARN_SUSPICIOUS_MOVE = YES;
				CLANG_WARN_UNGUARDED_AVAILABILITY = YES_AGGRESSIVE;
				CLANG_WARN_UNREACHABLE_CODE = YES;
				CLANG_WARN__DUPLICATE_METHOD_MATCH = YES;
				COPY_PHASE_STRIP = NO;
				DEBUG_INFORMATION_FORMAT = "dwarf-with-dsym";
				ENABLE_NS_ASSERTIONS = NO;
				ENABLE_STRICT_OBJC_MSGSEND = YES;
				GCC_C_LANGUAGE_STANDARD = gnu11;
				GCC_NO_COMMON_BLOCKS = YES;
				GCC_WARN_64_TO_32_BIT_CONVERSION = YES;
				GCC_WARN_ABOUT_RETURN_TYPE = YES_ERROR;
				GCC_WARN_UNDECLARED_SELECTOR = YES;
				GCC_WARN_UNINITIALIZED_AUTOS = YES_AGGRESSIVE;
				GCC_WARN_UNUSED_FUNCTION = YES;
				GCC_WARN_UNUSED_VARIABLE = YES;
				IPHONEOS_DEPLOYMENT_TARGET = 16.0;
				MTL_ENABLE_DEBUG_INFO = NO;
				MTL_FAST_MATH = YES;
				SDKROOT = iphoneos;
				SWIFT_COMPILATION_MODE = wholemodule;
				SWIFT_OPTIMIZATION_LEVEL = "-O";
				VALIDATE_PRODUCT = YES;
			};
			name = Release;
		};
		F5610C9B28D102EC005CCC27 /* Debug */ = {
			isa = XCBuildConfiguration;
			buildSettings = {
				ASSETCATALOG_COMPILER_APPICON_NAME = AppIcon;
				ASSETCATALOG_COMPILER_GLOBAL_ACCENT_COLOR_NAME = AccentColor;
				CODE_SIGN_STYLE = Automatic;
				CURRENT_PROJECT_VERSION = 1;
				DEVELOPMENT_ASSET_PATHS = "\"AVSpeechUtteranceTest/Preview Content\"";
				DEVELOPMENT_TEAM = 942H6V444Y;
				ENABLE_PREVIEWS = YES;
				GENERATE_INFOPLIST_FILE = YES;
				INFOPLIST_KEY_UIApplicationSceneManifest_Generation = YES;
				INFOPLIST_KEY_UIApplicationSupportsIndirectInputEvents = YES;
				INFOPLIST_KEY_UILaunchScreen_Generation = YES;
				INFOPLIST_KEY_UISupportedInterfaceOrientations_iPad = "UIInterfaceOrientationPortrait UIInterfaceOrientationPortraitUpsideDown UIInterfaceOrientationLandscapeLeft UIInterfaceOrientationLandscapeRight";
				INFOPLIST_KEY_UISupportedInterfaceOrientations_iPhone = "UIInterfaceOrientationPortrait UIInterfaceOrientationLandscapeLeft UIInterfaceOrientationLandscapeRight";
				LD_RUNPATH_SEARCH_PATHS = (
					"$(inherited)",
					"@executable_path/Frameworks",
				);
				MARKETING_VERSION = 1.0;
				PRODUCT_BUNDLE_IDENTIFIER = com.ddong.AVSpeechUtteranceTest;
				PRODUCT_NAME = "$(TARGET_NAME)";
				SWIFT_EMIT_LOC_STRINGS = YES;
				SWIFT_VERSION = 5.0;
				TARGETED_DEVICE_FAMILY = "1,2";
			};
			name = Debug;
		};
		F5610C9C28D102EC005CCC27 /* Release */ = {
			isa = XCBuildConfiguration;
			buildSettings = {
				ASSETCATALOG_COMPILER_APPICON_NAME = AppIcon;
				ASSETCATALOG_COMPILER_GLOBAL_ACCENT_COLOR_NAME = AccentColor;
				CODE_SIGN_STYLE = Automatic;
				CURRENT_PROJECT_VERSION = 1;
				DEVELOPMENT_ASSET_PATHS = "\"AVSpeechUtteranceTest/Preview Content\"";
				DEVELOPMENT_TEAM = 942H6V444Y;
				ENABLE_PREVIEWS = YES;
				GENERATE_INFOPLIST_FILE = YES;
				INFOPLIST_KEY_UIApplicationSceneManifest_Generation = YES;
				INFOPLIST_KEY_UIApplicationSupportsIndirectInputEvents = YES;
				INFOPLIST_KEY_UILaunchScreen_Generation = YES;
				INFOPLIST_KEY_UISupportedInterfaceOrientations_iPad = "UIInterfaceOrientationPortrait UIInterfaceOrientationPortraitUpsideDown UIInterfaceOrientationLandscapeLeft UIInterfaceOrientationLandscapeRight";
				INFOPLIST_KEY_UISupportedInterfaceOrientations_iPhone = "UIInterfaceOrientationPortrait UIInterfaceOrientationLandscapeLeft UIInterfaceOrientationLandscapeRight";
				LD_RUNPATH_SEARCH_PATHS = (
					"$(inherited)",
					"@executable_path/Frameworks",
				);
				MARKETING_VERSION = 1.0;
				PRODUCT_BUNDLE_IDENTIFIER = com.ddong.AVSpeechUtteranceTest;
				PRODUCT_NAME = "$(TARGET_NAME)";
				SWIFT_EMIT_LOC_STRINGS = YES;
				SWIFT_VERSION = 5.0;
				TARGETED_DEVICE_FAMILY = "1,2";
			};
			name = Release;
		};
		F5610C9E28D102EC005CCC27 /* Debug */ = {
			isa = XCBuildConfiguration;
			buildSettings = {
				ALWAYS_EMBED_SWIFT_STANDARD_LIBRARIES = YES;
				BUNDLE_LOADER = "$(TEST_HOST)";
				CODE_SIGN_STYLE = Automatic;
				CURRENT_PROJECT_VERSION = 1;
				DEVELOPMENT_TEAM = 942H6V444Y;
				GENERATE_INFOPLIST_FILE = YES;
				IPHONEOS_DEPLOYMENT_TARGET = 16.0;
				MARKETING_VERSION = 1.0;
				PRODUCT_BUNDLE_IDENTIFIER = com.ddong.AVSpeechUtteranceTestTests;
				PRODUCT_NAME = "$(TARGET_NAME)";
				SWIFT_EMIT_LOC_STRINGS = NO;
				SWIFT_VERSION = 5.0;
				TARGETED_DEVICE_FAMILY = "1,2";
				TEST_HOST = "$(BUILT_PRODUCTS_DIR)/AVSpeechUtteranceTest.app/$(BUNDLE_EXECUTABLE_FOLDER_PATH)/AVSpeechUtteranceTest";
			};
			name = Debug;
		};
		F5610C9F28D102EC005CCC27 /* Release */ = {
			isa = XCBuildConfiguration;
			buildSettings = {
				ALWAYS_EMBED_SWIFT_STANDARD_LIBRARIES = YES;
				BUNDLE_LOADER = "$(TEST_HOST)";
				CODE_SIGN_STYLE = Automatic;
				CURRENT_PROJECT_VERSION = 1;
				DEVELOPMENT_TEAM = 942H6V444Y;
				GENERATE_INFOPLIST_FILE = YES;
				IPHONEOS_DEPLOYMENT_TARGET = 16.0;
				MARKETING_VERSION = 1.0;
				PRODUCT_BUNDLE_IDENTIFIER = com.ddong.AVSpeechUtteranceTestTests;
				PRODUCT_NAME = "$(TARGET_NAME)";
				SWIFT_EMIT_LOC_STRINGS = NO;
				SWIFT_VERSION = 5.0;
				TARGETED_DEVICE_FAMILY = "1,2";
				TEST_HOST = "$(BUILT_PRODUCTS_DIR)/AVSpeechUtteranceTest.app/$(BUNDLE_EXECUTABLE_FOLDER_PATH)/AVSpeechUtteranceTest";
			};
			name = Release;
		};
		F5610CA128D102EC005CCC27 /* Debug */ = {
			isa = XCBuildConfiguration;
			buildSettings = {
				ALWAYS_EMBED_SWIFT_STANDARD_LIBRARIES = YES;
				CODE_SIGN_STYLE = Automatic;
				CURRENT_PROJECT_VERSION = 1;
				DEVELOPMENT_TEAM = 942H6V444Y;
				GENERATE_INFOPLIST_FILE = YES;
				MARKETING_VERSION = 1.0;
				PRODUCT_BUNDLE_IDENTIFIER = com.ddong.AVSpeechUtteranceTestUITests;
				PRODUCT_NAME = "$(TARGET_NAME)";
				SWIFT_EMIT_LOC_STRINGS = NO;
				SWIFT_VERSION = 5.0;
				TARGETED_DEVICE_FAMILY = "1,2";
				TEST_TARGET_NAME = AVSpeechUtteranceTest;
			};
			name = Debug;
		};
		F5610CA228D102EC005CCC27 /* Release */ = {
			isa = XCBuildConfiguration;
			buildSettings = {
				ALWAYS_EMBED_SWIFT_STANDARD_LIBRARIES = YES;
				CODE_SIGN_STYLE = Automatic;
				CURRENT_PROJECT_VERSION = 1;
				DEVELOPMENT_TEAM = 942H6V444Y;
				GENERATE_INFOPLIST_FILE = YES;
				MARKETING_VERSION = 1.0;
				PRODUCT_BUNDLE_IDENTIFIER = com.ddong.AVSpeechUtteranceTestUITests;
				PRODUCT_NAME = "$(TARGET_NAME)";
				SWIFT_EMIT_LOC_STRINGS = NO;
				SWIFT_VERSION = 5.0;
				TARGETED_DEVICE_FAMILY = "1,2";
				TEST_TARGET_NAME = AVSpeechUtteranceTest;
			};
			name = Release;
		};
/* End XCBuildConfiguration section */

/* Begin XCConfigurationList section */
		F5610C7128D102E5005CCC27 /* Build configuration list for PBXProject "AVSpeechUtteranceTest" */ = {
			isa = XCConfigurationList;
			buildConfigurations = (
				F5610C9828D102EC005CCC27 /* Debug */,
				F5610C9928D102EC005CCC27 /* Release */,
			);
			defaultConfigurationIsVisible = 0;
			defaultConfigurationName = Release;
		};
		F5610C9A28D102EC005CCC27 /* Build configuration list for PBXNativeTarget "AVSpeechUtteranceTest" */ = {
			isa = XCConfigurationList;
			buildConfigurations = (
				F5610C9B28D102EC005CCC27 /* Debug */,
				F5610C9C28D102EC005CCC27 /* Release */,
			);
			defaultConfigurationIsVisible = 0;
			defaultConfigurationName = Release;
		};
		F5610C9D28D102EC005CCC27 /* Build configuration list for PBXNativeTarget "AVSpeechUtteranceTestTests" */ = {
			isa = XCConfigurationList;
			buildConfigurations = (
				F5610C9E28D102EC005CCC27 /* Debug */,
				F5610C9F28D102EC005CCC27 /* Release */,
			);
			defaultConfigurationIsVisible = 0;
			defaultConfigurationName = Release;
		};
		F5610CA028D102EC005CCC27 /* Build configuration list for PBXNativeTarget "AVSpeechUtteranceTestUITests" */ = {
			isa = XCConfigurationList;
			buildConfigurations = (
				F5610CA128D102EC005CCC27 /* Debug */,
				F5610CA228D102EC005CCC27 /* Release */,
			);
			defaultConfigurationIsVisible = 0;
			defaultConfigurationName = Release;
		};
/* End XCConfigurationList section */
	};
	rootObject = F5610C6E28D102E5005CCC27 /* Project object */;
}
